
Microsoft Visual Studio Solution File, Format Version 12.00
# Visual Studio Version 16
VisualStudioVersion = 16.0.31205.134
MinimumVisualStudioVersion = 10.0.40219.1
Project("{8BC9CEB8-8B4A-11D0-8D11-00A0C91BC942}") = "5.Graph", "5.Graph\5.Graph.vcxproj", "{EC0A4715-0889-4045-890D-58E874294927}"
EndProject
Global
	GlobalSection(SolutionConfigurationPlatforms) = preSolution
		Debug|x64 = Debug|x64
		Debug|x86 = Debug|x86
		Release|x64 = Release|x64
		Release|x86 = Release|x86
	EndGlobalSection
	GlobalSection(ProjectConfigurationPlatforms) = postSolution
		{EC0A4715-0889-4045-890D-58E874294927}.Debug|x64.ActiveCfg = Debug|x64
		{EC0A4715-0889-4045-890D-58E874294927}.Debug|x64.Build.0 = Debug|x64
		{EC0A4715-0889-4045-890D-58E874294927}.Debug|x86.ActiveCfg = Debug|Win32
		{EC0A4715-0889-4045-890D-58E874294927}.Debug|x86.Build.0 = Debug|Win32
		{EC0A4715-0889-4045-890D-58E874294927}.Release|x64.ActiveCfg = Release|x64
		{EC0A4715-0889-4045-890D-58E874294927}.Release|x64.Build.0 = Release|x64
		{EC0A4715-0889-4045-890D-58E874294927}.Release|x86.ActiveCfg = Release|Win32
		{EC0A4715-0889-4045-890D-58E874294927}.Release|x86.Build.0 = Release|Win32
	EndGlobalSection
	GlobalSection(SolutionProperties) = preSolution
		HideSolutionNode = FALSE
	EndGlobalSection
	GlobalSection(ExtensibilityGlobals) = postSolution
		SolutionGuid = {1777E39B-4E71-4FA6-9AC2-AB59C9900692}
	EndGlobalSection
EndGlobal
