
Microsoft Visual Studio Solution File, Format Version 12.00
# Visual Studio Version 16
VisualStudioVersion = 16.0.31205.134
MinimumVisualStudioVersion = 10.0.40219.1
Project("{8BC9CEB8-8B4A-11D0-8D11-00A0C91BC942}") = "5.FileAndStruct", "5.FileAndStruct\5.FileAndStruct.vcxproj", "{468A1F75-B9A8-40B1-B39A-64F99FE57265}"
EndProject
Global
	GlobalSection(SolutionConfigurationPlatforms) = preSolution
		Debug|x64 = Debug|x64
		Debug|x86 = Debug|x86
		Release|x64 = Release|x64
		Release|x86 = Release|x86
	EndGlobalSection
	GlobalSection(ProjectConfigurationPlatforms) = postSolution
		{468A1F75-B9A8-40B1-B39A-64F99FE57265}.Debug|x64.ActiveCfg = Debug|x64
		{468A1F75-B9A8-40B1-B39A-64F99FE57265}.Debug|x64.Build.0 = Debug|x64
		{468A1F75-B9A8-40B1-B39A-64F99FE57265}.Debug|x86.ActiveCfg = Debug|Win32
		{468A1F75-B9A8-40B1-B39A-64F99FE57265}.Debug|x86.Build.0 = Debug|Win32
		{468A1F75-B9A8-40B1-B39A-64F99FE57265}.Release|x64.ActiveCfg = Release|x64
		{468A1F75-B9A8-40B1-B39A-64F99FE57265}.Release|x64.Build.0 = Release|x64
		{468A1F75-B9A8-40B1-B39A-64F99FE57265}.Release|x86.ActiveCfg = Release|Win32
		{468A1F75-B9A8-40B1-B39A-64F99FE57265}.Release|x86.Build.0 = Release|Win32
	EndGlobalSection
	GlobalSection(SolutionProperties) = preSolution
		HideSolutionNode = FALSE
	EndGlobalSection
	GlobalSection(ExtensibilityGlobals) = postSolution
		SolutionGuid = {5257B388-0A57-4DAC-8D6C-52B19FABED1F}
	EndGlobalSection
EndGlobal
