
Microsoft Visual Studio Solution File, Format Version 12.00
# Visual Studio Version 16
VisualStudioVersion = 16.0.31205.134
MinimumVisualStudioVersion = 10.0.40219.1
Project("{8BC9CEB8-8B4A-11D0-8D11-00A0C91BC942}") = "4.Vector", "4.Vector\4.Vector.vcxproj", "{DDFB0013-B5A3-415E-A3C7-2057765EF81E}"
EndProject
Global
	GlobalSection(SolutionConfigurationPlatforms) = preSolution
		Debug|x64 = Debug|x64
		Debug|x86 = Debug|x86
		Release|x64 = Release|x64
		Release|x86 = Release|x86
	EndGlobalSection
	GlobalSection(ProjectConfigurationPlatforms) = postSolution
		{DDFB0013-B5A3-415E-A3C7-2057765EF81E}.Debug|x64.ActiveCfg = Debug|x64
		{DDFB0013-B5A3-415E-A3C7-2057765EF81E}.Debug|x64.Build.0 = Debug|x64
		{DDFB0013-B5A3-415E-A3C7-2057765EF81E}.Debug|x86.ActiveCfg = Debug|Win32
		{DDFB0013-B5A3-415E-A3C7-2057765EF81E}.Debug|x86.Build.0 = Debug|Win32
		{DDFB0013-B5A3-415E-A3C7-2057765EF81E}.Release|x64.ActiveCfg = Release|x64
		{DDFB0013-B5A3-415E-A3C7-2057765EF81E}.Release|x64.Build.0 = Release|x64
		{DDFB0013-B5A3-415E-A3C7-2057765EF81E}.Release|x86.ActiveCfg = Release|Win32
		{DDFB0013-B5A3-415E-A3C7-2057765EF81E}.Release|x86.Build.0 = Release|Win32
	EndGlobalSection
	GlobalSection(SolutionProperties) = preSolution
		HideSolutionNode = FALSE
	EndGlobalSection
	GlobalSection(ExtensibilityGlobals) = postSolution
		SolutionGuid = {1EDE61B2-41A6-4163-B6EF-32AF5771F959}
	EndGlobalSection
EndGlobal
